// !$*UTF8*$!
{
	archiveVersion = 1;
	classes = {
	};
	objectVersion = 55;
	objects = {

/* Begin PBXBuildFile section */
		042BDC7ACA930FB7C5E489E0 /* Pods_Expense_Tracker_Expense_TrackerUITests.framework in Frameworks */ = {isa = PBXBuildFile; fileRef = 8E8D448AC317A7CD993EDB83 /* Pods_Expense_Tracker_Expense_TrackerUITests.framework */; };
		233A496628E0D23000A68775 /* ExpenseModel.swift in Sources */ = {isa = PBXBuildFile; fileRef = 233A496528E0D23000A68775 /* ExpenseModel.swift */; };
		233A496A28E0D2AD00A68775 /* ExpenseViewModel.swift in Sources */ = {isa = PBXBuildFile; fileRef = 233A496928E0D2AD00A68775 /* ExpenseViewModel.swift */; };
		233A496E28E0D33A00A68775 /* CoredataHelper.swift in Sources */ = {isa = PBXBuildFile; fileRef = 233A496D28E0D33A00A68775 /* CoredataHelper.swift */; };
		233A497128E0D60200A68775 /* Protocol.swift in Sources */ = {isa = PBXBuildFile; fileRef = 233A497028E0D60200A68775 /* Protocol.swift */; };
		233A497428E1858C00A68775 /* AddExpenseModel.swift in Sources */ = {isa = PBXBuildFile; fileRef = 233A497328E1858C00A68775 /* AddExpenseModel.swift */; };
		233A497628E1859700A68775 /* AddExpenseViewModel.swift in Sources */ = {isa = PBXBuildFile; fileRef = 233A497528E1859700A68775 /* AddExpenseViewModel.swift */; };
		233A497828E185B900A68775 /* AddExpenseVC.swift in Sources */ = {isa = PBXBuildFile; fileRef = 233A497728E185B900A68775 /* AddExpenseVC.swift */; };
		233A497A28E1AD5F00A68775 /* DatePickerView.swift in Sources */ = {isa = PBXBuildFile; fileRef = 233A497928E1AD5F00A68775 /* DatePickerView.swift */; };
		233A497C28E1BB8900A68775 /* AlertManager.swift in Sources */ = {isa = PBXBuildFile; fileRef = 233A497B28E1BB8900A68775 /* AlertManager.swift */; };
		233A497E28E1C64100A68775 /* Extension.swift in Sources */ = {isa = PBXBuildFile; fileRef = 233A497D28E1C64100A68775 /* Extension.swift */; };
		233A498228E2C4A300A68775 /* DatePickerHelper.swift in Sources */ = {isa = PBXBuildFile; fileRef = 233A498128E2C4A300A68775 /* DatePickerHelper.swift */; };
		233A498428E30B5500A68775 /* vcontroller.swift in Sources */ = {isa = PBXBuildFile; fileRef = 233A498328E30B5500A68775 /* vcontroller.swift */; };
		2347014C28D3023D00DAAFA4 /* AppDelegate.swift in Sources */ = {isa = PBXBuildFile; fileRef = 2347014B28D3023D00DAAFA4 /* AppDelegate.swift */; };
		2347014E28D3023D00DAAFA4 /* SceneDelegate.swift in Sources */ = {isa = PBXBuildFile; fileRef = 2347014D28D3023D00DAAFA4 /* SceneDelegate.swift */; };
		2347015028D3023D00DAAFA4 /* ViewController.swift in Sources */ = {isa = PBXBuildFile; fileRef = 2347014F28D3023D00DAAFA4 /* ViewController.swift */; };
		2347015328D3023D00DAAFA4 /* Main.storyboard in Resources */ = {isa = PBXBuildFile; fileRef = 2347015128D3023D00DAAFA4 /* Main.storyboard */; };
		2347015628D3023D00DAAFA4 /* Expense_Tracker.xcdatamodeld in Sources */ = {isa = PBXBuildFile; fileRef = 2347015428D3023D00DAAFA4 /* Expense_Tracker.xcdatamodeld */; };
		2347015828D3024000DAAFA4 /* Assets.xcassets in Resources */ = {isa = PBXBuildFile; fileRef = 2347015728D3024000DAAFA4 /* Assets.xcassets */; };
		2347015B28D3024000DAAFA4 /* LaunchScreen.storyboard in Resources */ = {isa = PBXBuildFile; fileRef = 2347015928D3024000DAAFA4 /* LaunchScreen.storyboard */; };
		2347016628D3024000DAAFA4 /* Expense_TrackerTests.swift in Sources */ = {isa = PBXBuildFile; fileRef = 2347016528D3024000DAAFA4 /* Expense_TrackerTests.swift */; };
		2347017028D3024000DAAFA4 /* Expense_TrackerUITests.swift in Sources */ = {isa = PBXBuildFile; fileRef = 2347016F28D3024000DAAFA4 /* Expense_TrackerUITests.swift */; };
		2347017228D3024000DAAFA4 /* Expense_TrackerUITestsLaunchTests.swift in Sources */ = {isa = PBXBuildFile; fileRef = 2347017128D3024000DAAFA4 /* Expense_TrackerUITestsLaunchTests.swift */; };
		2347018028D3030700DAAFA4 /* ExpenseCell.swift in Sources */ = {isa = PBXBuildFile; fileRef = 2347017E28D3030700DAAFA4 /* ExpenseCell.swift */; };
		2347018128D3030700DAAFA4 /* ExpenseCell.xib in Resources */ = {isa = PBXBuildFile; fileRef = 2347017F28D3030700DAAFA4 /* ExpenseCell.xib */; };
		DAA53E8F1B53A7FF7659DCFD /* Pods_Expense_Tracker.framework in Frameworks */ = {isa = PBXBuildFile; fileRef = B19643B7595CE9F2811B6CAB /* Pods_Expense_Tracker.framework */; };
		FEE2B52118BEE8A4F3755B26 /* Pods_Expense_TrackerTests.framework in Frameworks */ = {isa = PBXBuildFile; fileRef = C7DC8B21C4A61BF57C3E326B /* Pods_Expense_TrackerTests.framework */; };
/* End PBXBuildFile section */

/* Begin PBXContainerItemProxy section */
		2347016228D3024000DAAFA4 /* PBXContainerItemProxy */ = {
			isa = PBXContainerItemProxy;
			containerPortal = 2347014028D3023D00DAAFA4 /* Project object */;
			proxyType = 1;
			remoteGlobalIDString = 2347014728D3023D00DAAFA4;
			remoteInfo = "Expense Tracker";
		};
		2347016C28D3024000DAAFA4 /* PBXContainerItemProxy */ = {
			isa = PBXContainerItemProxy;
			containerPortal = 2347014028D3023D00DAAFA4 /* Project object */;
			proxyType = 1;
			remoteGlobalIDString = 2347014728D3023D00DAAFA4;
			remoteInfo = "Expense Tracker";
		};
/* End PBXContainerItemProxy section */

/* Begin PBXFileReference section */
		10935772878E08552709F963 /* Pods-Expense Tracker-Expense TrackerUITests.release.xcconfig */ = {isa = PBXFileReference; includeInIndex = 1; lastKnownFileType = text.xcconfig; name = "Pods-Expense Tracker-Expense TrackerUITests.release.xcconfig"; path = "Target Support Files/Pods-Expense Tracker-Expense TrackerUITests/Pods-Expense Tracker-Expense TrackerUITests.release.xcconfig"; sourceTree = "<group>"; };
		112CACA722CCEDFF2FF786A3 /* Pods-Expense TrackerTests.release.xcconfig */ = {isa = PBXFileReference; includeInIndex = 1; lastKnownFileType = text.xcconfig; name = "Pods-Expense TrackerTests.release.xcconfig"; path = "Target Support Files/Pods-Expense TrackerTests/Pods-Expense TrackerTests.release.xcconfig"; sourceTree = "<group>"; };
		214848AAC39B974526EB429D /* Pods-Expense Tracker.release.xcconfig */ = {isa = PBXFileReference; includeInIndex = 1; lastKnownFileType = text.xcconfig; name = "Pods-Expense Tracker.release.xcconfig"; path = "Target Support Files/Pods-Expense Tracker/Pods-Expense Tracker.release.xcconfig"; sourceTree = "<group>"; };
		233A496528E0D23000A68775 /* ExpenseModel.swift */ = {isa = PBXFileReference; lastKnownFileType = sourcecode.swift; path = ExpenseModel.swift; sourceTree = "<group>"; };
		233A496928E0D2AD00A68775 /* ExpenseViewModel.swift */ = {isa = PBXFileReference; lastKnownFileType = sourcecode.swift; path = ExpenseViewModel.swift; sourceTree = "<group>"; };
		233A496D28E0D33A00A68775 /* CoredataHelper.swift */ = {isa = PBXFileReference; lastKnownFileType = sourcecode.swift; path = CoredataHelper.swift; sourceTree = "<group>"; };
		233A497028E0D60200A68775 /* Protocol.swift */ = {isa = PBXFileReference; lastKnownFileType = sourcecode.swift; path = Protocol.swift; sourceTree = "<group>"; };
		233A497328E1858C00A68775 /* AddExpenseModel.swift */ = {isa = PBXFileReference; lastKnownFileType = sourcecode.swift; path = AddExpenseModel.swift; sourceTree = "<group>"; };
		233A497528E1859700A68775 /* AddExpenseViewModel.swift */ = {isa = PBXFileReference; lastKnownFileType = sourcecode.swift; path = AddExpenseViewModel.swift; sourceTree = "<group>"; };
		233A497728E185B900A68775 /* AddExpenseVC.swift */ = {isa = PBXFileReference; lastKnownFileType = sourcecode.swift; path = AddExpenseVC.swift; sourceTree = "<group>"; };
		233A497928E1AD5F00A68775 /* DatePickerView.swift */ = {isa = PBXFileReference; fileEncoding = 4; lastKnownFileType = sourcecode.swift; path = DatePickerView.swift; sourceTree = "<group>"; };
		233A497B28E1BB8900A68775 /* AlertManager.swift */ = {isa = PBXFileReference; lastKnownFileType = sourcecode.swift; path = AlertManager.swift; sourceTree = "<group>"; };
		233A497D28E1C64100A68775 /* Extension.swift */ = {isa = PBXFileReference; lastKnownFileType = sourcecode.swift; path = Extension.swift; sourceTree = "<group>"; };
		233A498128E2C4A300A68775 /* DatePickerHelper.swift */ = {isa = PBXFileReference; lastKnownFileType = sourcecode.swift; path = DatePickerHelper.swift; sourceTree = "<group>"; };
		233A498328E30B5500A68775 /* vcontroller.swift */ = {isa = PBXFileReference; lastKnownFileType = sourcecode.swift; path = vcontroller.swift; sourceTree = "<group>"; };
		2347014828D3023D00DAAFA4 /* Expense Tracker.app */ = {isa = PBXFileReference; explicitFileType = wrapper.application; includeInIndex = 0; path = "Expense Tracker.app"; sourceTree = BUILT_PRODUCTS_DIR; };
		2347014B28D3023D00DAAFA4 /* AppDelegate.swift */ = {isa = PBXFileReference; lastKnownFileType = sourcecode.swift; path = AppDelegate.swift; sourceTree = "<group>"; };
		2347014D28D3023D00DAAFA4 /* SceneDelegate.swift */ = {isa = PBXFileReference; lastKnownFileType = sourcecode.swift; path = SceneDelegate.swift; sourceTree = "<group>"; };
		2347014F28D3023D00DAAFA4 /* ViewController.swift */ = {isa = PBXFileReference; lastKnownFileType = sourcecode.swift; path = ViewController.swift; sourceTree = "<group>"; };
		2347015228D3023D00DAAFA4 /* Base */ = {isa = PBXFileReference; lastKnownFileType = file.storyboard; name = Base; path = Base.lproj/Main.storyboard; sourceTree = "<group>"; };
		2347015528D3023D00DAAFA4 /* Expense_Tracker.xcdatamodel */ = {isa = PBXFileReference; lastKnownFileType = wrapper.xcdatamodel; path = Expense_Tracker.xcdatamodel; sourceTree = "<group>"; };
		2347015728D3024000DAAFA4 /* Assets.xcassets */ = {isa = PBXFileReference; lastKnownFileType = folder.assetcatalog; path = Assets.xcassets; sourceTree = "<group>"; };
		2347015A28D3024000DAAFA4 /* Base */ = {isa = PBXFileReference; lastKnownFileType = file.storyboard; name = Base; path = Base.lproj/LaunchScreen.storyboard; sourceTree = "<group>"; };
		2347015C28D3024000DAAFA4 /* Info.plist */ = {isa = PBXFileReference; lastKnownFileType = text.plist.xml; path = Info.plist; sourceTree = "<group>"; };
		2347016128D3024000DAAFA4 /* Expense TrackerTests.xctest */ = {isa = PBXFileReference; explicitFileType = wrapper.cfbundle; includeInIndex = 0; path = "Expense TrackerTests.xctest"; sourceTree = BUILT_PRODUCTS_DIR; };
		2347016528D3024000DAAFA4 /* Expense_TrackerTests.swift */ = {isa = PBXFileReference; lastKnownFileType = sourcecode.swift; path = Expense_TrackerTests.swift; sourceTree = "<group>"; };
		2347016B28D3024000DAAFA4 /* Expense TrackerUITests.xctest */ = {isa = PBXFileReference; explicitFileType = wrapper.cfbundle; includeInIndex = 0; path = "Expense TrackerUITests.xctest"; sourceTree = BUILT_PRODUCTS_DIR; };
		2347016F28D3024000DAAFA4 /* Expense_TrackerUITests.swift */ = {isa = PBXFileReference; lastKnownFileType = sourcecode.swift; path = Expense_TrackerUITests.swift; sourceTree = "<group>"; };
		2347017128D3024000DAAFA4 /* Expense_TrackerUITestsLaunchTests.swift */ = {isa = PBXFileReference; lastKnownFileType = sourcecode.swift; path = Expense_TrackerUITestsLaunchTests.swift; sourceTree = "<group>"; };
		2347017E28D3030700DAAFA4 /* ExpenseCell.swift */ = {isa = PBXFileReference; lastKnownFileType = sourcecode.swift; path = ExpenseCell.swift; sourceTree = "<group>"; };
		2347017F28D3030700DAAFA4 /* ExpenseCell.xib */ = {isa = PBXFileReference; lastKnownFileType = file.xib; path = ExpenseCell.xib; sourceTree = "<group>"; };
		2DA1710A2DDCC081E5D6D9DF /* Pods-Expense Tracker-Expense TrackerUITests.debug.xcconfig */ = {isa = PBXFileReference; includeInIndex = 1; lastKnownFileType = text.xcconfig; name = "Pods-Expense Tracker-Expense TrackerUITests.debug.xcconfig"; path = "Target Support Files/Pods-Expense Tracker-Expense TrackerUITests/Pods-Expense Tracker-Expense TrackerUITests.debug.xcconfig"; sourceTree = "<group>"; };
		4D5B95B058828DDC102AD530 /* Pods-Expense Tracker.debug.xcconfig */ = {isa = PBXFileReference; includeInIndex = 1; lastKnownFileType = text.xcconfig; name = "Pods-Expense Tracker.debug.xcconfig"; path = "Target Support Files/Pods-Expense Tracker/Pods-Expense Tracker.debug.xcconfig"; sourceTree = "<group>"; };
		8E8D448AC317A7CD993EDB83 /* Pods_Expense_Tracker_Expense_TrackerUITests.framework */ = {isa = PBXFileReference; explicitFileType = wrapper.framework; includeInIndex = 0; path = Pods_Expense_Tracker_Expense_TrackerUITests.framework; sourceTree = BUILT_PRODUCTS_DIR; };
		A136BE6FB87540D3C66FE0D6 /* Pods-Expense TrackerTests.debug.xcconfig */ = {isa = PBXFileReference; includeInIndex = 1; lastKnownFileType = text.xcconfig; name = "Pods-Expense TrackerTests.debug.xcconfig"; path = "Target Support Files/Pods-Expense TrackerTests/Pods-Expense TrackerTests.debug.xcconfig"; sourceTree = "<group>"; };
		B19643B7595CE9F2811B6CAB /* Pods_Expense_Tracker.framework */ = {isa = PBXFileReference; explicitFileType = wrapper.framework; includeInIndex = 0; path = Pods_Expense_Tracker.framework; sourceTree = BUILT_PRODUCTS_DIR; };
		C7DC8B21C4A61BF57C3E326B /* Pods_Expense_TrackerTests.framework */ = {isa = PBXFileReference; explicitFileType = wrapper.framework; includeInIndex = 0; path = Pods_Expense_TrackerTests.framework; sourceTree = BUILT_PRODUCTS_DIR; };
/* End PBXFileReference section */

/* Begin PBXFrameworksBuildPhase section */
		2347014528D3023D00DAAFA4 /* Frameworks */ = {
			isa = PBXFrameworksBuildPhase;
			buildActionMask = 2147483647;
			files = (
				DAA53E8F1B53A7FF7659DCFD /* Pods_Expense_Tracker.framework in Frameworks */,
			);
			runOnlyForDeploymentPostprocessing = 0;
		};
		2347015E28D3024000DAAFA4 /* Frameworks */ = {
			isa = PBXFrameworksBuildPhase;
			buildActionMask = 2147483647;
			files = (
				FEE2B52118BEE8A4F3755B26 /* Pods_Expense_TrackerTests.framework in Frameworks */,
			);
			runOnlyForDeploymentPostprocessing = 0;
		};
		2347016828D3024000DAAFA4 /* Frameworks */ = {
			isa = PBXFrameworksBuildPhase;
			buildActionMask = 2147483647;
			files = (
				042BDC7ACA930FB7C5E489E0 /* Pods_Expense_Tracker_Expense_TrackerUITests.framework in Frameworks */,
			);
			runOnlyForDeploymentPostprocessing = 0;
		};
/* End PBXFrameworksBuildPhase section */

/* Begin PBXGroup section */
		0752A910F182A8F362C67304 /* Frameworks */ = {
			isa = PBXGroup;
			children = (
				B19643B7595CE9F2811B6CAB /* Pods_Expense_Tracker.framework */,
				8E8D448AC317A7CD993EDB83 /* Pods_Expense_Tracker_Expense_TrackerUITests.framework */,
				C7DC8B21C4A61BF57C3E326B /* Pods_Expense_TrackerTests.framework */,
			);
			name = Frameworks;
			sourceTree = "<group>";
		};
		233A496728E0D27600A68775 /* Home */ = {
			isa = PBXGroup;
			children = (
				233A496828E0D29600A68775 /* Model */,
				233A496F28E0D5D300A68775 /* View */,
				233A496B28E0D2B400A68775 /* ViewModel */,
			);
			path = Home;
			sourceTree = "<group>";
		};
		233A496828E0D29600A68775 /* Model */ = {
			isa = PBXGroup;
			children = (
				233A496528E0D23000A68775 /* ExpenseModel.swift */,
			);
			path = Model;
			sourceTree = "<group>";
		};
		233A496B28E0D2B400A68775 /* ViewModel */ = {
			isa = PBXGroup;
			children = (
				233A496928E0D2AD00A68775 /* ExpenseViewModel.swift */,
			);
			path = ViewModel;
			sourceTree = "<group>";
		};
		233A496C28E0D31C00A68775 /* Helper */ = {
			isa = PBXGroup;
			children = (
				233A497928E1AD5F00A68775 /* DatePickerView.swift */,
				233A496D28E0D33A00A68775 /* CoredataHelper.swift */,
				233A497028E0D60200A68775 /* Protocol.swift */,
				233A497B28E1BB8900A68775 /* AlertManager.swift */,
				233A497D28E1C64100A68775 /* Extension.swift */,
				233A498128E2C4A300A68775 /* DatePickerHelper.swift */,
			);
			path = Helper;
			sourceTree = "<group>";
		};
		233A496F28E0D5D300A68775 /* View */ = {
			isa = PBXGroup;
			children = (
				2347017E28D3030700DAAFA4 /* ExpenseCell.swift */,
				2347017F28D3030700DAAFA4 /* ExpenseCell.xib */,
				2347014F28D3023D00DAAFA4 /* ViewController.swift */,
			);
			path = View;
			sourceTree = "<group>";
		};
		233A497228E1856800A68775 /* AddExpense */ = {
			isa = PBXGroup;
			children = (
				233A497328E1858C00A68775 /* AddExpenseModel.swift */,
				233A497528E1859700A68775 /* AddExpenseViewModel.swift */,
				233A497728E185B900A68775 /* AddExpenseVC.swift */,
			);
			path = AddExpense;
			sourceTree = "<group>";
		};
		2347013F28D3023D00DAAFA4 = {
			isa = PBXGroup;
			children = (
				2347014A28D3023D00DAAFA4 /* Expense Tracker */,
				2347016428D3024000DAAFA4 /* Expense TrackerTests */,
				2347016E28D3024000DAAFA4 /* Expense TrackerUITests */,
				2347014928D3023D00DAAFA4 /* Products */,
				D717FAC3396EC41F590A2128 /* Pods */,
				0752A910F182A8F362C67304 /* Frameworks */,
			);
			sourceTree = "<group>";
		};
		2347014928D3023D00DAAFA4 /* Products */ = {
			isa = PBXGroup;
			children = (
				2347014828D3023D00DAAFA4 /* Expense Tracker.app */,
				2347016128D3024000DAAFA4 /* Expense TrackerTests.xctest */,
				2347016B28D3024000DAAFA4 /* Expense TrackerUITests.xctest */,
			);
			name = Products;
			sourceTree = "<group>";
		};
		2347014A28D3023D00DAAFA4 /* Expense Tracker */ = {
			isa = PBXGroup;
			children = (
				233A497228E1856800A68775 /* AddExpense */,
				233A496C28E0D31C00A68775 /* Helper */,
				233A496728E0D27600A68775 /* Home */,
				2347014B28D3023D00DAAFA4 /* AppDelegate.swift */,
				2347014D28D3023D00DAAFA4 /* SceneDelegate.swift */,
				2347015128D3023D00DAAFA4 /* Main.storyboard */,
				2347015728D3024000DAAFA4 /* Assets.xcassets */,
				2347015928D3024000DAAFA4 /* LaunchScreen.storyboard */,
				2347015C28D3024000DAAFA4 /* Info.plist */,
				2347015428D3023D00DAAFA4 /* Expense_Tracker.xcdatamodeld */,
			);
			path = "Expense Tracker";
			sourceTree = "<group>";
		};
		2347016428D3024000DAAFA4 /* Expense TrackerTests */ = {
			isa = PBXGroup;
			children = (
				2347016528D3024000DAAFA4 /* Expense_TrackerTests.swift */,
				233A498328E30B5500A68775 /* vcontroller.swift */,
			);
			path = "Expense TrackerTests";
			sourceTree = "<group>";
		};
		2347016E28D3024000DAAFA4 /* Expense TrackerUITests */ = {
			isa = PBXGroup;
			children = (
				2347016F28D3024000DAAFA4 /* Expense_TrackerUITests.swift */,
				2347017128D3024000DAAFA4 /* Expense_TrackerUITestsLaunchTests.swift */,
			);
			path = "Expense TrackerUITests";
			sourceTree = "<group>";
		};
		D717FAC3396EC41F590A2128 /* Pods */ = {
			isa = PBXGroup;
			children = (
				4D5B95B058828DDC102AD530 /* Pods-Expense Tracker.debug.xcconfig */,
				214848AAC39B974526EB429D /* Pods-Expense Tracker.release.xcconfig */,
				2DA1710A2DDCC081E5D6D9DF /* Pods-Expense Tracker-Expense TrackerUITests.debug.xcconfig */,
				10935772878E08552709F963 /* Pods-Expense Tracker-Expense TrackerUITests.release.xcconfig */,
				A136BE6FB87540D3C66FE0D6 /* Pods-Expense TrackerTests.debug.xcconfig */,
				112CACA722CCEDFF2FF786A3 /* Pods-Expense TrackerTests.release.xcconfig */,
			);
			path = Pods;
			sourceTree = "<group>";
		};
/* End PBXGroup section */

/* Begin PBXNativeTarget section */
		2347014728D3023D00DAAFA4 /* Expense Tracker */ = {
			isa = PBXNativeTarget;
			buildConfigurationList = 2347017528D3024000DAAFA4 /* Build configuration list for PBXNativeTarget "Expense Tracker" */;
			buildPhases = (
				269B70C3D8370444884F530D /* [CP] Check Pods Manifest.lock */,
				2347014428D3023D00DAAFA4 /* Sources */,
				2347014528D3023D00DAAFA4 /* Frameworks */,
				2347014628D3023D00DAAFA4 /* Resources */,
			);
			buildRules = (
			);
			dependencies = (
			);
			name = "Expense Tracker";
			productName = "Expense Tracker";
			productReference = 2347014828D3023D00DAAFA4 /* Expense Tracker.app */;
			productType = "com.apple.product-type.application";
		};
		2347016028D3024000DAAFA4 /* Expense TrackerTests */ = {
			isa = PBXNativeTarget;
			buildConfigurationList = 2347017828D3024000DAAFA4 /* Build configuration list for PBXNativeTarget "Expense TrackerTests" */;
			buildPhases = (
				C369A5F1EA478E7C3E45E132 /* [CP] Check Pods Manifest.lock */,
				2347015D28D3024000DAAFA4 /* Sources */,
				2347015E28D3024000DAAFA4 /* Frameworks */,
				2347015F28D3024000DAAFA4 /* Resources */,
			);
			buildRules = (
			);
			dependencies = (
				2347016328D3024000DAAFA4 /* PBXTargetDependency */,
			);
			name = "Expense TrackerTests";
			productName = "Expense TrackerTests";
			productReference = 2347016128D3024000DAAFA4 /* Expense TrackerTests.xctest */;
			productType = "com.apple.product-type.bundle.unit-test";
		};
		2347016A28D3024000DAAFA4 /* Expense TrackerUITests */ = {
			isa = PBXNativeTarget;
			buildConfigurationList = 2347017B28D3024000DAAFA4 /* Build configuration list for PBXNativeTarget "Expense TrackerUITests" */;
			buildPhases = (
				30FBBDE928814A9D2D71FB44 /* [CP] Check Pods Manifest.lock */,
				2347016728D3024000DAAFA4 /* Sources */,
				2347016828D3024000DAAFA4 /* Frameworks */,
				2347016928D3024000DAAFA4 /* Resources */,
			);
			buildRules = (
			);
			dependencies = (
				2347016D28D3024000DAAFA4 /* PBXTargetDependency */,
			);
			name = "Expense TrackerUITests";
			productName = "Expense TrackerUITests";
			productReference = 2347016B28D3024000DAAFA4 /* Expense TrackerUITests.xctest */;
			productType = "com.apple.product-type.bundle.ui-testing";
		};
/* End PBXNativeTarget section */

/* Begin PBXProject section */
		2347014028D3023D00DAAFA4 /* Project object */ = {
			isa = PBXProject;
			attributes = {
				BuildIndependentTargetsInParallel = 1;
				LastSwiftUpdateCheck = 1330;
				LastUpgradeCheck = 1330;
				TargetAttributes = {
					2347014728D3023D00DAAFA4 = {
						CreatedOnToolsVersion = 13.3.1;
					};
					2347016028D3024000DAAFA4 = {
						CreatedOnToolsVersion = 13.3.1;
						TestTargetID = 2347014728D3023D00DAAFA4;
					};
					2347016A28D3024000DAAFA4 = {
						CreatedOnToolsVersion = 13.3.1;
						TestTargetID = 2347014728D3023D00DAAFA4;
					};
				};
			};
			buildConfigurationList = 2347014328D3023D00DAAFA4 /* Build configuration list for PBXProject "Expense Tracker" */;
			compatibilityVersion = "Xcode 13.0";
			developmentRegion = en;
			hasScannedForEncodings = 0;
			knownRegions = (
				en,
				Base,
			);
			mainGroup = 2347013F28D3023D00DAAFA4;
			productRefGroup = 2347014928D3023D00DAAFA4 /* Products */;
			projectDirPath = "";
			projectRoot = "";
			targets = (
				2347014728D3023D00DAAFA4 /* Expense Tracker */,
				2347016028D3024000DAAFA4 /* Expense TrackerTests */,
				2347016A28D3024000DAAFA4 /* Expense TrackerUITests */,
			);
		};
/* End PBXProject section */

/* Begin PBXResourcesBuildPhase section */
		2347014628D3023D00DAAFA4 /* Resources */ = {
			isa = PBXResourcesBuildPhase;
			buildActionMask = 2147483647;
			files = (
				2347018128D3030700DAAFA4 /* ExpenseCell.xib in Resources */,
				2347015B28D3024000DAAFA4 /* LaunchScreen.storyboard in Resources */,
				2347015828D3024000DAAFA4 /* Assets.xcassets in Resources */,
				2347015328D3023D00DAAFA4 /* Main.storyboard in Resources */,
			);
			runOnlyForDeploymentPostprocessing = 0;
		};
		2347015F28D3024000DAAFA4 /* Resources */ = {
			isa = PBXResourcesBuildPhase;
			buildActionMask = 2147483647;
			files = (
			);
			runOnlyForDeploymentPostprocessing = 0;
		};
		2347016928D3024000DAAFA4 /* Resources */ = {
			isa = PBXResourcesBuildPhase;
			buildActionMask = 2147483647;
			files = (
			);
			runOnlyForDeploymentPostprocessing = 0;
		};
/* End PBXResourcesBuildPhase section */

/* Begin PBXShellScriptBuildPhase section */
		269B70C3D8370444884F530D /* [CP] Check Pods Manifest.lock */ = {
			isa = PBXShellScriptBuildPhase;
			buildActionMask = 2147483647;
			files = (
			);
			inputFileListPaths = (
			);
			inputPaths = (
				"${PODS_PODFILE_DIR_PATH}/Podfile.lock",
				"${PODS_ROOT}/Manifest.lock",
			);
			name = "[CP] Check Pods Manifest.lock";
			outputFileListPaths = (
			);
			outputPaths = (
				"$(DERIVED_FILE_DIR)/Pods-Expense Tracker-checkManifestLockResult.txt",
			);
			runOnlyForDeploymentPostprocessing = 0;
			shellPath = /bin/sh;
			shellScript = "diff \"${PODS_PODFILE_DIR_PATH}/Podfile.lock\" \"${PODS_ROOT}/Manifest.lock\" > /dev/null\nif [ $? != 0 ] ; then\n    # print error to STDERR\n    echo \"error: The sandbox is not in sync with the Podfile.lock. Run 'pod install' or update your CocoaPods installation.\" >&2\n    exit 1\nfi\n# This output is used by Xcode 'outputs' to avoid re-running this script phase.\necho \"SUCCESS\" > \"${SCRIPT_OUTPUT_FILE_0}\"\n";
			showEnvVarsInLog = 0;
		};
		30FBBDE928814A9D2D71FB44 /* [CP] Check Pods Manifest.lock */ = {
			isa = PBXShellScriptBuildPhase;
			buildActionMask = 2147483647;
			files = (
			);
			inputFileListPaths = (
			);
			inputPaths = (
				"${PODS_PODFILE_DIR_PATH}/Podfile.lock",
				"${PODS_ROOT}/Manifest.lock",
			);
			name = "[CP] Check Pods Manifest.lock";
			outputFileListPaths = (
			);
			outputPaths = (
				"$(DERIVED_FILE_DIR)/Pods-Expense Tracker-Expense TrackerUITests-checkManifestLockResult.txt",
			);
			runOnlyForDeploymentPostprocessing = 0;
			shellPath = /bin/sh;
			shellScript = "diff \"${PODS_PODFILE_DIR_PATH}/Podfile.lock\" \"${PODS_ROOT}/Manifest.lock\" > /dev/null\nif [ $? != 0 ] ; then\n    # print error to STDERR\n    echo \"error: The sandbox is not in sync with the Podfile.lock. Run 'pod install' or update your CocoaPods installation.\" >&2\n    exit 1\nfi\n# This output is used by Xcode 'outputs' to avoid re-running this script phase.\necho \"SUCCESS\" > \"${SCRIPT_OUTPUT_FILE_0}\"\n";
			showEnvVarsInLog = 0;
		};
		C369A5F1EA478E7C3E45E132 /* [CP] Check Pods Manifest.lock */ = {
			isa = PBXShellScriptBuildPhase;
			buildActionMask = 2147483647;
			files = (
			);
			inputFileListPaths = (
			);
			inputPaths = (
				"${PODS_PODFILE_DIR_PATH}/Podfile.lock",
				"${PODS_ROOT}/Manifest.lock",
			);
			name = "[CP] Check Pods Manifest.lock";
			outputFileListPaths = (
			);
			outputPaths = (
				"$(DERIVED_FILE_DIR)/Pods-Expense TrackerTests-checkManifestLockResult.txt",
			);
			runOnlyForDeploymentPostprocessing = 0;
			shellPath = /bin/sh;
			shellScript = "diff \"${PODS_PODFILE_DIR_PATH}/Podfile.lock\" \"${PODS_ROOT}/Manifest.lock\" > /dev/null\nif [ $? != 0 ] ; then\n    # print error to STDERR\n    echo \"error: The sandbox is not in sync with the Podfile.lock. Run 'pod install' or update your CocoaPods installation.\" >&2\n    exit 1\nfi\n# This output is used by Xcode 'outputs' to avoid re-running this script phase.\necho \"SUCCESS\" > \"${SCRIPT_OUTPUT_FILE_0}\"\n";
			showEnvVarsInLog = 0;
		};
/* End PBXShellScriptBuildPhase section */

/* Begin PBXSourcesBuildPhase section */
		2347014428D3023D00DAAFA4 /* Sources */ = {
			isa = PBXSourcesBuildPhase;
			buildActionMask = 2147483647;
			files = (
				233A497E28E1C64100A68775 /* Extension.swift in Sources */,
				233A497428E1858C00A68775 /* AddExpenseModel.swift in Sources */,
				233A497628E1859700A68775 /* AddExpenseViewModel.swift in Sources */,
				233A496628E0D23000A68775 /* ExpenseModel.swift in Sources */,
				233A497828E185B900A68775 /* AddExpenseVC.swift in Sources */,
				2347015028D3023D00DAAFA4 /* ViewController.swift in Sources */,
				233A496E28E0D33A00A68775 /* CoredataHelper.swift in Sources */,
				2347014C28D3023D00DAAFA4 /* AppDelegate.swift in Sources */,
				233A496A28E0D2AD00A68775 /* ExpenseViewModel.swift in Sources */,
				233A497128E0D60200A68775 /* Protocol.swift in Sources */,
				233A497A28E1AD5F00A68775 /* DatePickerView.swift in Sources */,
				2347018028D3030700DAAFA4 /* ExpenseCell.swift in Sources */,
				2347014E28D3023D00DAAFA4 /* SceneDelegate.swift in Sources */,
				233A498228E2C4A300A68775 /* DatePickerHelper.swift in Sources */,
				233A497C28E1BB8900A68775 /* AlertManager.swift in Sources */,
				2347015628D3023D00DAAFA4 /* Expense_Tracker.xcdatamodeld in Sources */,
			);
			runOnlyForDeploymentPostprocessing = 0;
		};
		2347015D28D3024000DAAFA4 /* Sources */ = {
			isa = PBXSourcesBuildPhase;
			buildActionMask = 2147483647;
			files = (
				233A498428E30B5500A68775 /* vcontroller.swift in Sources */,
				2347016628D3024000DAAFA4 /* Expense_TrackerTests.swift in Sources */,
			);
			runOnlyForDeploymentPostprocessing = 0;
		};
		2347016728D3024000DAAFA4 /* Sources */ = {
			isa = PBXSourcesBuildPhase;
			buildActionMask = 2147483647;
			files = (
				2347017228D3024000DAAFA4 /* Expense_TrackerUITestsLaunchTests.swift in Sources */,
				2347017028D3024000DAAFA4 /* Expense_TrackerUITests.swift in Sources */,
			);
			runOnlyForDeploymentPostprocessing = 0;
		};
/* End PBXSourcesBuildPhase section */

/* Begin PBXTargetDependency section */
		2347016328D3024000DAAFA4 /* PBXTargetDependency */ = {
			isa = PBXTargetDependency;
			target = 2347014728D3023D00DAAFA4 /* Expense Tracker */;
			targetProxy = 2347016228D3024000DAAFA4 /* PBXContainerItemProxy */;
		};
		2347016D28D3024000DAAFA4 /* PBXTargetDependency */ = {
			isa = PBXTargetDependency;
			target = 2347014728D3023D00DAAFA4 /* Expense Tracker */;
			targetProxy = 2347016C28D3024000DAAFA4 /* PBXContainerItemProxy */;
		};
/* End PBXTargetDependency section */

/* Begin PBXVariantGroup section */
		2347015128D3023D00DAAFA4 /* Main.storyboard */ = {
			isa = PBXVariantGroup;
			children = (
				2347015228D3023D00DAAFA4 /* Base */,
			);
			name = Main.storyboard;
			sourceTree = "<group>";
		};
		2347015928D3024000DAAFA4 /* LaunchScreen.storyboard */ = {
			isa = PBXVariantGroup;
			children = (
				2347015A28D3024000DAAFA4 /* Base */,
			);
			name = LaunchScreen.storyboard;
			sourceTree = "<group>";
		};
/* End PBXVariantGroup section */

/* Begin XCBuildConfiguration section */
		2347017328D3024000DAAFA4 /* Debug */ = {
			isa = XCBuildConfiguration;
			buildSettings = {
				ALWAYS_SEARCH_USER_PATHS = NO;
				CLANG_ANALYZER_NONNULL = YES;
				CLANG_ANALYZER_NUMBER_OBJECT_CONVERSION = YES_AGGRESSIVE;
				CLANG_CXX_LANGUAGE_STANDARD = "gnu++17";
				CLANG_ENABLE_MODULES = YES;
				CLANG_ENABLE_OBJC_ARC = YES;
				CLANG_ENABLE_OBJC_WEAK = YES;
				CLANG_WARN_BLOCK_CAPTURE_AUTORELEASING = YES;
				CLANG_WARN_BOOL_CONVERSION = YES;
				CLANG_WARN_COMMA = YES;
				CLANG_WARN_CONSTANT_CONVERSION = YES;
				CLANG_WARN_DEPRECATED_OBJC_IMPLEMENTATIONS = YES;
				CLANG_WARN_DIRECT_OBJC_ISA_USAGE = YES_ERROR;
				CLANG_WARN_DOCUMENTATION_COMMENTS = YES;
				CLANG_WARN_EMPTY_BODY = YES;
				CLANG_WARN_ENUM_CONVERSION = YES;
				CLANG_WARN_INFINITE_RECURSION = YES;
				CLANG_WARN_INT_CONVERSION = YES;
				CLANG_WARN_NON_LITERAL_NULL_CONVERSION = YES;
				CLANG_WARN_OBJC_IMPLICIT_RETAIN_SELF = YES;
				CLANG_WARN_OBJC_LITERAL_CONVERSION = YES;
				CLANG_WARN_OBJC_ROOT_CLASS = YES_ERROR;
				CLANG_WARN_QUOTED_INCLUDE_IN_FRAMEWORK_HEADER = YES;
				CLANG_WARN_RANGE_LOOP_ANALYSIS = YES;
				CLANG_WARN_STRICT_PROTOTYPES = YES;
				CLANG_WARN_SUSPICIOUS_MOVE = YES;
				CLANG_WARN_UNGUARDED_AVAILABILITY = YES_AGGRESSIVE;
				CLANG_WARN_UNREACHABLE_CODE = YES;
				CLANG_WARN__DUPLICATE_METHOD_MATCH = YES;
				COPY_PHASE_STRIP = NO;
				DEBUG_INFORMATION_FORMAT = dwarf;
				ENABLE_STRICT_OBJC_MSGSEND = YES;
				ENABLE_TESTABILITY = YES;
				GCC_C_LANGUAGE_STANDARD = gnu11;
				GCC_DYNAMIC_NO_PIC = NO;
				GCC_NO_COMMON_BLOCKS = YES;
				GCC_OPTIMIZATION_LEVEL = 0;
				GCC_PREPROCESSOR_DEFINITIONS = (
					"DEBUG=1",
					"$(inherited)",
				);
				GCC_WARN_64_TO_32_BIT_CONVERSION = YES;
				GCC_WARN_ABOUT_RETURN_TYPE = YES_ERROR;
				GCC_WARN_UNDECLARED_SELECTOR = YES;
				GCC_WARN_UNINITIALIZED_AUTOS = YES_AGGRESSIVE;
				GCC_WARN_UNUSED_FUNCTION = YES;
				GCC_WARN_UNUSED_VARIABLE = YES;
				IPHONEOS_DEPLOYMENT_TARGET = 15.4;
				MTL_ENABLE_DEBUG_INFO = INCLUDE_SOURCE;
				MTL_FAST_MATH = YES;
				ONLY_ACTIVE_ARCH = YES;
				SDKROOT = iphoneos;
				SWIFT_ACTIVE_COMPILATION_CONDITIONS = DEBUG;
				SWIFT_OPTIMIZATION_LEVEL = "-Onone";
			};
			name = Debug;
		};
		2347017428D3024000DAAFA4 /* Release */ = {
			isa = XCBuildConfiguration;
			buildSettings = {
				ALWAYS_SEARCH_USER_PATHS = NO;
				CLANG_ANALYZER_NONNULL = YES;
				CLANG_ANALYZER_NUMBER_OBJECT_CONVERSION = YES_AGGRESSIVE;
				CLANG_CXX_LANGUAGE_STANDARD = "gnu++17";
				CLANG_ENABLE_MODULES = YES;
				CLANG_ENABLE_OBJC_ARC = YES;
				CLANG_ENABLE_OBJC_WEAK = YES;
				CLANG_WARN_BLOCK_CAPTURE_AUTORELEASING = YES;
				CLANG_WARN_BOOL_CONVERSION = YES;
				CLANG_WARN_COMMA = YES;
				CLANG_WARN_CONSTANT_CONVERSION = YES;
				CLANG_WARN_DEPRECATED_OBJC_IMPLEMENTATIONS = YES;
				CLANG_WARN_DIRECT_OBJC_ISA_USAGE = YES_ERROR;
				CLANG_WARN_DOCUMENTATION_COMMENTS = YES;
				CLANG_WARN_EMPTY_BODY = YES;
				CLANG_WARN_ENUM_CONVERSION = YES;
				CLANG_WARN_INFINITE_RECURSION = YES;
				CLANG_WARN_INT_CONVERSION = YES;
				CLANG_WARN_NON_LITERAL_NULL_CONVERSION = YES;
				CLANG_WARN_OBJC_IMPLICIT_RETAIN_SELF = YES;
				CLANG_WARN_OBJC_LITERAL_CONVERSION = YES;
				CLANG_WARN_OBJC_ROOT_CLASS = YES_ERROR;
				CLANG_WARN_QUOTED_INCLUDE_IN_FRAMEWORK_HEADER = YES;
				CLANG_WARN_RANGE_LOOP_ANALYSIS = YES;
				CLANG_WARN_STRICT_PROTOTYPES = YES;
				CLANG_WARN_SUSPICIOUS_MOVE = YES;
				CLANG_WARN_UNGUARDED_AVAILABILITY = YES_AGGRESSIVE;
				CLANG_WARN_UNREACHABLE_CODE = YES;
				CLANG_WARN__DUPLICATE_METHOD_MATCH = YES;
				COPY_PHASE_STRIP = NO;
				DEBUG_INFORMATION_FORMAT = "dwarf-with-dsym";
				ENABLE_NS_ASSERTIONS = NO;
				ENABLE_STRICT_OBJC_MSGSEND = YES;
				GCC_C_LANGUAGE_STANDARD = gnu11;
				GCC_NO_COMMON_BLOCKS = YES;
				GCC_WARN_64_TO_32_BIT_CONVERSION = YES;
				GCC_WARN_ABOUT_RETURN_TYPE = YES_ERROR;
				GCC_WARN_UNDECLARED_SELECTOR = YES;
				GCC_WARN_UNINITIALIZED_AUTOS = YES_AGGRESSIVE;
				GCC_WARN_UNUSED_FUNCTION = YES;
				GCC_WARN_UNUSED_VARIABLE = YES;
				IPHONEOS_DEPLOYMENT_TARGET = 15.4;
				MTL_ENABLE_DEBUG_INFO = NO;
				MTL_FAST_MATH = YES;
				SDKROOT = iphoneos;
				SWIFT_COMPILATION_MODE = wholemodule;
				SWIFT_OPTIMIZATION_LEVEL = "-O";
				VALIDATE_PRODUCT = YES;
			};
			name = Release;
		};
		2347017628D3024000DAAFA4 /* Debug */ = {
			isa = XCBuildConfiguration;
			baseConfigurationReference = 4D5B95B058828DDC102AD530 /* Pods-Expense Tracker.debug.xcconfig */;
			buildSettings = {
				ASSETCATALOG_COMPILER_APPICON_NAME = AppIcon;
				ASSETCATALOG_COMPILER_GLOBAL_ACCENT_COLOR_NAME = AccentColor;
				CODE_SIGN_STYLE = Automatic;
				CURRENT_PROJECT_VERSION = 1;
				DEVELOPMENT_TEAM = 43MFLY9YVH;
				GENERATE_INFOPLIST_FILE = YES;
				INFOPLIST_FILE = "Expense Tracker/Info.plist";
				INFOPLIST_KEY_UIApplicationSupportsIndirectInputEvents = YES;
				INFOPLIST_KEY_UILaunchStoryboardName = LaunchScreen;
				INFOPLIST_KEY_UIMainStoryboardFile = Main;
				INFOPLIST_KEY_UISupportedInterfaceOrientations = UIInterfaceOrientationPortrait;
				INFOPLIST_KEY_UISupportedInterfaceOrientations_iPad = "UIInterfaceOrientationPortrait UIInterfaceOrientationPortraitUpsideDown UIInterfaceOrientationLandscapeLeft UIInterfaceOrientationLandscapeRight";
				INFOPLIST_KEY_UISupportedInterfaceOrientations_iPhone = "UIInterfaceOrientationPortrait UIInterfaceOrientationLandscapeLeft UIInterfaceOrientationLandscapeRight";
				LD_RUNPATH_SEARCH_PATHS = (
					"$(inherited)",
					"@executable_path/Frameworks",
				);
				MARKETING_VERSION = 1.0;
				PRODUCT_BUNDLE_IDENTIFIER = DDD.hpcl.com;
				PRODUCT_NAME = "$(TARGET_NAME)";
				SWIFT_EMIT_LOC_STRINGS = YES;
				SWIFT_VERSION = 5.0;
				TARGETED_DEVICE_FAMILY = "1,2";
			};
			name = Debug;
		};
		2347017728D3024000DAAFA4 /* Release */ = {
			isa = XCBuildConfiguration;
			baseConfigurationReference = 214848AAC39B974526EB429D /* Pods-Expense Tracker.release.xcconfig */;
			buildSettings = {
				ASSETCATALOG_COMPILER_APPICON_NAME = AppIcon;
				ASSETCATALOG_COMPILER_GLOBAL_ACCENT_COLOR_NAME = AccentColor;
				CODE_SIGN_STYLE = Automatic;
				CURRENT_PROJECT_VERSION = 1;
				DEVELOPMENT_TEAM = 43MFLY9YVH;
				GENERATE_INFOPLIST_FILE = YES;
				INFOPLIST_FILE = "Expense Tracker/Info.plist";
				INFOPLIST_KEY_UIApplicationSupportsIndirectInputEvents = YES;
				INFOPLIST_KEY_UILaunchStoryboardName = LaunchScreen;
				INFOPLIST_KEY_UIMainStoryboardFile = Main;
				INFOPLIST_KEY_UISupportedInterfaceOrientations = UIInterfaceOrientationPortrait;
				INFOPLIST_KEY_UISupportedInterfaceOrientations_iPad = "UIInterfaceOrientationPortrait UIInterfaceOrientationPortraitUpsideDown UIInterfaceOrientationLandscapeLeft UIInterfaceOrientationLandscapeRight";
				INFOPLIST_KEY_UISupportedInterfaceOrientations_iPhone = "UIInterfaceOrientationPortrait UIInterfaceOrientationLandscapeLeft UIInterfaceOrientationLandscapeRight";
				LD_RUNPATH_SEARCH_PATHS = (
					"$(inherited)",
					"@executable_path/Frameworks",
				);
				MARKETING_VERSION = 1.0;
				PRODUCT_BUNDLE_IDENTIFIER = DDD.hpcl.com;
				PRODUCT_NAME = "$(TARGET_NAME)";
				SWIFT_EMIT_LOC_STRINGS = YES;
				SWIFT_VERSION = 5.0;
				TARGETED_DEVICE_FAMILY = "1,2";
			};
			name = Release;
		};
		2347017928D3024000DAAFA4 /* Debug */ = {
			isa = XCBuildConfiguration;
			baseConfigurationReference = A136BE6FB87540D3C66FE0D6 /* Pods-Expense TrackerTests.debug.xcconfig */;
			buildSettings = {
				ALWAYS_EMBED_SWIFT_STANDARD_LIBRARIES = YES;
				BUNDLE_LOADER = "$(TEST_HOST)";
				CODE_SIGN_STYLE = Automatic;
				CURRENT_PROJECT_VERSION = 1;
				DEVELOPMENT_TEAM = 43MFLY9YVH;
				GENERATE_INFOPLIST_FILE = YES;
				IPHONEOS_DEPLOYMENT_TARGET = 15.4;
				MARKETING_VERSION = 1.0;
				PRODUCT_BUNDLE_IDENTIFIER = "com.apps.Expense-TrackerTests";
				PRODUCT_NAME = "$(TARGET_NAME)";
				SWIFT_EMIT_LOC_STRINGS = NO;
				SWIFT_VERSION = 5.0;
				TARGETED_DEVICE_FAMILY = "1,2";
				TEST_HOST = "$(BUILT_PRODUCTS_DIR)/Expense Tracker.app/Expense Tracker";
			};
			name = Debug;
		};
		2347017A28D3024000DAAFA4 /* Release */ = {
			isa = XCBuildConfiguration;
			baseConfigurationReference = 112CACA722CCEDFF2FF786A3 /* Pods-Expense TrackerTests.release.xcconfig */;
			buildSettings = {
				ALWAYS_EMBED_SWIFT_STANDARD_LIBRARIES = YES;
				BUNDLE_LOADER = "$(TEST_HOST)";
				CODE_SIGN_STYLE = Automatic;
				CURRENT_PROJECT_VERSION = 1;
				DEVELOPMENT_TEAM = 43MFLY9YVH;
				GENERATE_INFOPLIST_FILE = YES;
				IPHONEOS_DEPLOYMENT_TARGET = 15.4;
				MARKETING_VERSION = 1.0;
				PRODUCT_BUNDLE_IDENTIFIER = "com.apps.Expense-TrackerTests";
				PRODUCT_NAME = "$(TARGET_NAME)";
				SWIFT_EMIT_LOC_STRINGS = NO;
				SWIFT_VERSION = 5.0;
				TARGETED_DEVICE_FAMILY = "1,2";
				TEST_HOST = "$(BUILT_PRODUCTS_DIR)/Expense Tracker.app/Expense Tracker";
			};
			name = Release;
		};
		2347017C28D3024000DAAFA4 /* Debug */ = {
			isa = XCBuildConfiguration;
			baseConfigurationReference = 2DA1710A2DDCC081E5D6D9DF /* Pods-Expense Tracker-Expense TrackerUITests.debug.xcconfig */;
			buildSettings = {
				ALWAYS_EMBED_SWIFT_STANDARD_LIBRARIES = YES;
				CODE_SIGN_STYLE = Automatic;
				CURRENT_PROJECT_VERSION = 1;
				GENERATE_INFOPLIST_FILE = YES;
				MARKETING_VERSION = 1.0;
				PRODUCT_BUNDLE_IDENTIFIER = "com.apps.Expense-TrackerUITests";
				PRODUCT_NAME = "$(TARGET_NAME)";
				SWIFT_EMIT_LOC_STRINGS = NO;
				SWIFT_VERSION = 5.0;
				TARGETED_DEVICE_FAMILY = "1,2";
				TEST_TARGET_NAME = "Expense Tracker";
			};
			name = Debug;
		};
		2347017D28D3024000DAAFA4 /* Release */ = {
			isa = XCBuildConfiguration;
			baseConfigurationReference = 10935772878E08552709F963 /* Pods-Expense Tracker-Expense TrackerUITests.release.xcconfig */;
			buildSettings = {
				ALWAYS_EMBED_SWIFT_STANDARD_LIBRARIES = YES;
				CODE_SIGN_STYLE = Automatic;
				CURRENT_PROJECT_VERSION = 1;
				GENERATE_INFOPLIST_FILE = YES;
				MARKETING_VERSION = 1.0;
				PRODUCT_BUNDLE_IDENTIFIER = "com.apps.Expense-TrackerUITests";
				PRODUCT_NAME = "$(TARGET_NAME)";
				SWIFT_EMIT_LOC_STRINGS = NO;
				SWIFT_VERSION = 5.0;
				TARGETED_DEVICE_FAMILY = "1,2";
				TEST_TARGET_NAME = "Expense Tracker";
			};
			name = Release;
		};
/* End XCBuildConfiguration section */

/* Begin XCConfigurationList section */
		2347014328D3023D00DAAFA4 /* Build configuration list for PBXProject "Expense Tracker" */ = {
			isa = XCConfigurationList;
			buildConfigurations = (
				2347017328D3024000DAAFA4 /* Debug */,
				2347017428D3024000DAAFA4 /* Release */,
			);
			defaultConfigurationIsVisible = 0;
			defaultConfigurationName = Release;
		};
		2347017528D3024000DAAFA4 /* Build configuration list for PBXNativeTarget "Expense Tracker" */ = {
			isa = XCConfigurationList;
			buildConfigurations = (
				2347017628D3024000DAAFA4 /* Debug */,
				2347017728D3024000DAAFA4 /* Release */,
			);
			defaultConfigurationIsVisible = 0;
			defaultConfigurationName = Release;
		};
		2347017828D3024000DAAFA4 /* Build configuration list for PBXNativeTarget "Expense TrackerTests" */ = {
			isa = XCConfigurationList;
			buildConfigurations = (
				2347017928D3024000DAAFA4 /* Debug */,
				2347017A28D3024000DAAFA4 /* Release */,
			);
			defaultConfigurationIsVisible = 0;
			defaultConfigurationName = Release;
		};
		2347017B28D3024000DAAFA4 /* Build configuration list for PBXNativeTarget "Expense TrackerUITests" */ = {
			isa = XCConfigurationList;
			buildConfigurations = (
				2347017C28D3024000DAAFA4 /* Debug */,
				2347017D28D3024000DAAFA4 /* Release */,
			);
			defaultConfigurationIsVisible = 0;
			defaultConfigurationName = Release;
		};
/* End XCConfigurationList section */

/* Begin XCVersionGroup section */
		2347015428D3023D00DAAFA4 /* Expense_Tracker.xcdatamodeld */ = {
			isa = XCVersionGroup;
			children = (
				2347015528D3023D00DAAFA4 /* Expense_Tracker.xcdatamodel */,
			);
			currentVersion = 2347015528D3023D00DAAFA4 /* Expense_Tracker.xcdatamodel */;
			path = Expense_Tracker.xcdatamodeld;
			sourceTree = "<group>";
			versionGroupType = wrapper.xcdatamodel;
		};
/* End XCVersionGroup section */
	};
	rootObject = 2347014028D3023D00DAAFA4 /* Project object */;
}
